
Microsoft Visual Studio Solution File, Format Version 12.00
# Visual Studio 15
VisualStudioVersion = 15.0.26228.86
MinimumVisualStudioVersion = 10.0.40219.1
Project("{8BC9CEB8-8B4A-11D0-8D11-00A0C91BC942}") = "Inheritance", "Inheritance\Inheritance.vcxproj", "{DDF17A84-5A3A-45C6-87D4-BDE1C66513B1}"
EndProject
Project("{8BC9CEB8-8B4A-11D0-8D11-00A0C91BC942}") = "Academy", "Academy\Academy.vcxproj", "{BB52650C-24F0-4F8D-8217-88F0AE382970}"
EndProject
Global
	GlobalSection(SolutionConfigurationPlatforms) = preSolution
		Debug|x64 = Debug|x64
		Debug|x86 = Debug|x86
		Release|x64 = Release|x64
		Release|x86 = Release|x86
	EndGlobalSection
	GlobalSection(ProjectConfigurationPlatforms) = postSolution
		{DDF17A84-5A3A-45C6-87D4-BDE1C66513B1}.Debug|x64.ActiveCfg = Debug|x64
		{DDF17A84-5A3A-45C6-87D4-BDE1C66513B1}.Debug|x64.Build.0 = Debug|x64
		{DDF17A84-5A3A-45C6-87D4-BDE1C66513B1}.Debug|x86.ActiveCfg = Debug|Win32
		{DDF17A84-5A3A-45C6-87D4-BDE1C66513B1}.Debug|x86.Build.0 = Debug|Win32
		{DDF17A84-5A3A-45C6-87D4-BDE1C66513B1}.Release|x64.ActiveCfg = Release|x64
		{DDF17A84-5A3A-45C6-87D4-BDE1C66513B1}.Release|x64.Build.0 = Release|x64
		{DDF17A84-5A3A-45C6-87D4-BDE1C66513B1}.Release|x86.ActiveCfg = Release|Win32
		{DDF17A84-5A3A-45C6-87D4-BDE1C66513B1}.Release|x86.Build.0 = Release|Win32
		{BB52650C-24F0-4F8D-8217-88F0AE382970}.Debug|x64.ActiveCfg = Debug|x64
		{BB52650C-24F0-4F8D-8217-88F0AE382970}.Debug|x64.Build.0 = Debug|x64
		{BB52650C-24F0-4F8D-8217-88F0AE382970}.Debug|x86.ActiveCfg = Debug|Win32
		{BB52650C-24F0-4F8D-8217-88F0AE382970}.Debug|x86.Build.0 = Debug|Win32
		{BB52650C-24F0-4F8D-8217-88F0AE382970}.Release|x64.ActiveCfg = Release|x64
		{BB52650C-24F0-4F8D-8217-88F0AE382970}.Release|x64.Build.0 = Release|x64
		{BB52650C-24F0-4F8D-8217-88F0AE382970}.Release|x86.ActiveCfg = Release|Win32
		{BB52650C-24F0-4F8D-8217-88F0AE382970}.Release|x86.Build.0 = Release|Win32
	EndGlobalSection
	GlobalSection(SolutionProperties) = preSolution
		HideSolutionNode = FALSE
	EndGlobalSection
EndGlobal
